
Microsoft Visual Studio Solution File, Format Version 12.00
# Visual Studio Version 17
VisualStudioVersion = 17.0.31903.59
MinimumVisualStudioVersion = 10.0.40219.1
Project("{FAE04EC0-301F-11D3-BF4B-00C04F79EFBC}") = "SFA.DAS.PR.Api", "SFA.DAS.PR.Api\SFA.DAS.PR.Api.csproj", "{83034574-9A79-4A7D-B003-E92D2522CEAD}"
EndProject
Global
	GlobalSection(SolutionConfigurationPlatforms) = preSolution
		Debug|Any CPU = Debug|Any CPU
		Release|Any CPU = Release|Any CPU
	EndGlobalSection
	GlobalSection(ProjectConfigurationPlatforms) = postSolution
		{83034574-9A79-4A7D-B003-E92D2522CEAD}.Debug|Any CPU.ActiveCfg = Debug|Any CPU
		{83034574-9A79-4A7D-B003-E92D2522CEAD}.Debug|Any CPU.Build.0 = Debug|Any CPU
		{83034574-9A79-4A7D-B003-E92D2522CEAD}.Release|Any CPU.ActiveCfg = Release|Any CPU
		{83034574-9A79-4A7D-B003-E92D2522CEAD}.Release|Any CPU.Build.0 = Release|Any CPU
	EndGlobalSection
	GlobalSection(SolutionProperties) = preSolution
		HideSolutionNode = FALSE
	EndGlobalSection
	GlobalSection(ExtensibilityGlobals) = postSolution
		SolutionGuid = {C07EDC03-3B01-46D4-B491-07B96A62BB68}
	EndGlobalSection
EndGlobal
